
Microsoft Visual Studio Solution File, Format Version 12.00
# Visual Studio Version 16
VisualStudioVersion = 16.0.30907.101
MinimumVisualStudioVersion = 10.0.40219.1
Project("{9A19103F-16F7-4668-BE54-9A1E7A4F7556}") = "Nez.Samples", "Nez.Samples\Nez.Samples.csproj", "{3B9CDDE8-9885-474B-895A-198D7D948936}"
EndProject
Project("{9A19103F-16F7-4668-BE54-9A1E7A4F7556}") = "Nez.Monogame.Standard", "Nez\Nez.Portable\Nez.Monogame.Standard.csproj", "{7F084096-1AE2-4703-8514-AC725DB5AAF0}"
EndProject
Project("{9A19103F-16F7-4668-BE54-9A1E7A4F7556}") = "Nez.Monogame.Standard.FarseerPhysics", "Nez\Nez.FarseerPhysics\Nez.Monogame.Standard.FarseerPhysics.csproj", "{3A52EBB2-52F7-4C93-BE3D-FDFF3E7679B9}"
EndProject
Project("{9A19103F-16F7-4668-BE54-9A1E7A4F7556}") = "Nez.Monogame.Standard.ImGui", "Nez\Nez.ImGui\Nez.Monogame.Standard.ImGui.csproj", "{5CD82C3D-6313-4C95-8883-0BD30994A9B1}"
EndProject
Project("{9A19103F-16F7-4668-BE54-9A1E7A4F7556}") = "Nez.Monogame.Standard.Persistence", "Nez\Nez.Persistence\Nez.Monogame.Standard.Persistence.csproj", "{6B6F04B1-A1E5-41BD-A115-BDE54648D592}"
EndProject
Global
	GlobalSection(SolutionConfigurationPlatforms) = preSolution
		Debug|Any CPU = Debug|Any CPU
		Release|Any CPU = Release|Any CPU
	EndGlobalSection
	GlobalSection(ProjectConfigurationPlatforms) = postSolution
		{3B9CDDE8-9885-474B-895A-198D7D948936}.Debug|Any CPU.ActiveCfg = Debug|Any CPU
		{3B9CDDE8-9885-474B-895A-198D7D948936}.Debug|Any CPU.Build.0 = Debug|Any CPU
		{3B9CDDE8-9885-474B-895A-198D7D948936}.Release|Any CPU.ActiveCfg = Release|Any CPU
		{3B9CDDE8-9885-474B-895A-198D7D948936}.Release|Any CPU.Build.0 = Release|Any CPU
		{7F084096-1AE2-4703-8514-AC725DB5AAF0}.Debug|Any CPU.ActiveCfg = Debug|Any CPU
		{7F084096-1AE2-4703-8514-AC725DB5AAF0}.Debug|Any CPU.Build.0 = Debug|Any CPU
		{7F084096-1AE2-4703-8514-AC725DB5AAF0}.Release|Any CPU.ActiveCfg = Release|Any CPU
		{7F084096-1AE2-4703-8514-AC725DB5AAF0}.Release|Any CPU.Build.0 = Release|Any CPU
		{3A52EBB2-52F7-4C93-BE3D-FDFF3E7679B9}.Debug|Any CPU.ActiveCfg = Debug|Any CPU
		{3A52EBB2-52F7-4C93-BE3D-FDFF3E7679B9}.Debug|Any CPU.Build.0 = Debug|Any CPU
		{3A52EBB2-52F7-4C93-BE3D-FDFF3E7679B9}.Release|Any CPU.ActiveCfg = Release|Any CPU
		{3A52EBB2-52F7-4C93-BE3D-FDFF3E7679B9}.Release|Any CPU.Build.0 = Release|Any CPU
		{5CD82C3D-6313-4C95-8883-0BD30994A9B1}.Debug|Any CPU.ActiveCfg = Debug|Any CPU
		{5CD82C3D-6313-4C95-8883-0BD30994A9B1}.Debug|Any CPU.Build.0 = Debug|Any CPU
		{5CD82C3D-6313-4C95-8883-0BD30994A9B1}.Release|Any CPU.ActiveCfg = Release|Any CPU
		{5CD82C3D-6313-4C95-8883-0BD30994A9B1}.Release|Any CPU.Build.0 = Release|Any CPU
		{6B6F04B1-A1E5-41BD-A115-BDE54648D592}.Debug|Any CPU.ActiveCfg = Debug|Any CPU
		{6B6F04B1-A1E5-41BD-A115-BDE54648D592}.Debug|Any CPU.Build.0 = Debug|Any CPU
		{6B6F04B1-A1E5-41BD-A115-BDE54648D592}.Release|Any CPU.ActiveCfg = Release|Any CPU
		{6B6F04B1-A1E5-41BD-A115-BDE54648D592}.Release|Any CPU.Build.0 = Release|Any CPU
	EndGlobalSection
	GlobalSection(SolutionProperties) = preSolution
		HideSolutionNode = FALSE
	EndGlobalSection
	GlobalSection(ExtensibilityGlobals) = postSolution
		SolutionGuid = {C527257E-EA2C-4B25-9AF5-4BF3F79E1D99}
	EndGlobalSection
EndGlobal
